{
  "lockfileVersion": 1,
  "dependencies": {
    "angularfire2": {
      "version": "5.0.0-rc.6.0",
      "resolved": "https://registry.npmjs.org/angularfire2/-/angularfire2-5.0.0-rc.6.0.tgz",
      "integrity": "sha512-0JG1/lBHvsZOyYMX0Yj+HQ+DpNB+kfv1yzx7q8AsW6e1Qh4dnH0Yb6m+GsdKkps1+Q2kIcTCsMU4w43KyuZGNw=="
    }
  }
}
